
Microsoft Visual Studio Solution File, Format Version 12.00
# Visual Studio 15
VisualStudioVersion = 15.0.28307.1000
MinimumVisualStudioVersion = 10.0.40219.1
Project("{FAE04EC0-301F-11D3-BF4B-00C04F79EFBC}") = "PresentMeTelegramBot", "PresentMeTelegramBot\PresentMeTelegramBot.csproj", "{46FD3FE8-06BB-4F77-B483-5DD787562190}"
EndProject
Global
	GlobalSection(SolutionConfigurationPlatforms) = preSolution
		Debug|Any CPU = Debug|Any CPU
		Release|Any CPU = Release|Any CPU
	EndGlobalSection
	GlobalSection(ProjectConfigurationPlatforms) = postSolution
		{46FD3FE8-06BB-4F77-B483-5DD787562190}.Debug|Any CPU.ActiveCfg = Debug|Any CPU
		{46FD3FE8-06BB-4F77-B483-5DD787562190}.Debug|Any CPU.Build.0 = Debug|Any CPU
		{46FD3FE8-06BB-4F77-B483-5DD787562190}.Release|Any CPU.ActiveCfg = Release|Any CPU
		{46FD3FE8-06BB-4F77-B483-5DD787562190}.Release|Any CPU.Build.0 = Release|Any CPU
	EndGlobalSection
	GlobalSection(SolutionProperties) = preSolution
		HideSolutionNode = FALSE
	EndGlobalSection
	GlobalSection(ExtensibilityGlobals) = postSolution
		SolutionGuid = {D39991C6-18BD-46D3-8872-10FA4CCFAEC3}
	EndGlobalSection
EndGlobal
